
Microsoft Visual Studio Solution File, Format Version 12.00
# Visual Studio Version 16
VisualStudioVersion = 16.0.30114.105
MinimumVisualStudioVersion = 15.0.26124.0
Project("{2150E333-8FDC-42A3-9474-1A3956D46DE8}") = "src", "src", "{BA11CD37-A7A0-4F90-B2CB-E740B20DFD35}"
EndProject
Project("{2150E333-8FDC-42A3-9474-1A3956D46DE8}") = "test", "test", "{537F6764-9FAE-45AF-8775-E47E15F84F64}"
EndProject
Project("{2150E333-8FDC-42A3-9474-1A3956D46DE8}") = "Solution Items", "Solution Items", "{C2195F40-EC0A-40E1-AA45-AFDBAADE39EF}"
	ProjectSection(SolutionItems) = preProject
		.editorconfig = .editorconfig
	EndProjectSection
EndProject
Project("{2150E333-8FDC-42A3-9474-1A3956D46DE8}") = "IdentityShell", "IdentityShell", "{5E95696F-4540-4F9B-98C1-647A1CE9D2D0}"
EndProject
Project("{2150E333-8FDC-42A3-9474-1A3956D46DE8}") = "submodules", "submodules", "{6E11005C-914F-4FE8-BB6C-F41D8BF2021F}"
EndProject
Project("{2150E333-8FDC-42A3-9474-1A3956D46DE8}") = "IdentityServer", "IdentityServer", "{0C1A230A-72FD-475B-99B0-920FABEAFD74}"
EndProject
Project("{9A19103F-16F7-4668-BE54-9A1E7A4F7556}") = "Duende.IdentityServer", "submodules\IdentityServer\src\IdentityServer\Duende.IdentityServer.csproj", "{E5F6DE62-749C-4708-B837-4DF5D8806293}"
EndProject
Project("{9A19103F-16F7-4668-BE54-9A1E7A4F7556}") = "Duende.IdentityServer.Storage", "submodules\IdentityServer\src\Storage\Duende.IdentityServer.Storage.csproj", "{5825211E-A0F5-4393-A8E3-A13561C59270}"
EndProject
Project("{9A19103F-16F7-4668-BE54-9A1E7A4F7556}") = "IdentityShell", "src\IdentityShell\IdentityShell.csproj", "{EA64B7E1-1E1E-4584-B6EE-9F0FB2ADD6D3}"
EndProject
Project("{9A19103F-16F7-4668-BE54-9A1E7A4F7556}") = "IdentityShell.Cmdlets.Test", "test\IdentityShell.Cmdlets.Test\IdentityShell.Cmdlets.Test.csproj", "{B04EB0D6-8DD6-449E-A39F-F339467722A2}"
EndProject
Project("{9A19103F-16F7-4668-BE54-9A1E7A4F7556}") = "MvcClient", "submodules\Samples\IdentityServer\v5\Quickstarts\2_InteractiveAspNetCore\src\MvcClient\MvcClient.csproj", "{F4BACEB8-636C-4E16-8EC2-EC49F16BC513}"
EndProject
Project("{2150E333-8FDC-42A3-9474-1A3956D46DE8}") = "Examples", "Examples", "{38B787E2-FC03-41BA-98D4-A987A4CC9F78}"
EndProject
Global
	GlobalSection(SolutionConfigurationPlatforms) = preSolution
		Debug|Any CPU = Debug|Any CPU
		Debug|x64 = Debug|x64
		Debug|x86 = Debug|x86
		Release|Any CPU = Release|Any CPU
		Release|x64 = Release|x64
		Release|x86 = Release|x86
	EndGlobalSection
	GlobalSection(ProjectConfigurationPlatforms) = postSolution
		{E5F6DE62-749C-4708-B837-4DF5D8806293}.Debug|Any CPU.ActiveCfg = Debug|Any CPU
		{E5F6DE62-749C-4708-B837-4DF5D8806293}.Debug|Any CPU.Build.0 = Debug|Any CPU
		{E5F6DE62-749C-4708-B837-4DF5D8806293}.Debug|x64.ActiveCfg = Debug|Any CPU
		{E5F6DE62-749C-4708-B837-4DF5D8806293}.Debug|x64.Build.0 = Debug|Any CPU
		{E5F6DE62-749C-4708-B837-4DF5D8806293}.Debug|x86.ActiveCfg = Debug|Any CPU
		{E5F6DE62-749C-4708-B837-4DF5D8806293}.Debug|x86.Build.0 = Debug|Any CPU
		{E5F6DE62-749C-4708-B837-4DF5D8806293}.Release|Any CPU.ActiveCfg = Release|Any CPU
		{E5F6DE62-749C-4708-B837-4DF5D8806293}.Release|Any CPU.Build.0 = Release|Any CPU
		{E5F6DE62-749C-4708-B837-4DF5D8806293}.Release|x64.ActiveCfg = Release|Any CPU
		{E5F6DE62-749C-4708-B837-4DF5D8806293}.Release|x64.Build.0 = Release|Any CPU
		{E5F6DE62-749C-4708-B837-4DF5D8806293}.Release|x86.ActiveCfg = Release|Any CPU
		{E5F6DE62-749C-4708-B837-4DF5D8806293}.Release|x86.Build.0 = Release|Any CPU
		{5825211E-A0F5-4393-A8E3-A13561C59270}.Debug|Any CPU.ActiveCfg = Debug|Any CPU
		{5825211E-A0F5-4393-A8E3-A13561C59270}.Debug|Any CPU.Build.0 = Debug|Any CPU
		{5825211E-A0F5-4393-A8E3-A13561C59270}.Debug|x64.ActiveCfg = Debug|Any CPU
		{5825211E-A0F5-4393-A8E3-A13561C59270}.Debug|x64.Build.0 = Debug|Any CPU
		{5825211E-A0F5-4393-A8E3-A13561C59270}.Debug|x86.ActiveCfg = Debug|Any CPU
		{5825211E-A0F5-4393-A8E3-A13561C59270}.Debug|x86.Build.0 = Debug|Any CPU
		{5825211E-A0F5-4393-A8E3-A13561C59270}.Release|Any CPU.ActiveCfg = Release|Any CPU
		{5825211E-A0F5-4393-A8E3-A13561C59270}.Release|Any CPU.Build.0 = Release|Any CPU
		{5825211E-A0F5-4393-A8E3-A13561C59270}.Release|x64.ActiveCfg = Release|Any CPU
		{5825211E-A0F5-4393-A8E3-A13561C59270}.Release|x64.Build.0 = Release|Any CPU
		{5825211E-A0F5-4393-A8E3-A13561C59270}.Release|x86.ActiveCfg = Release|Any CPU
		{5825211E-A0F5-4393-A8E3-A13561C59270}.Release|x86.Build.0 = Release|Any CPU
		{EA64B7E1-1E1E-4584-B6EE-9F0FB2ADD6D3}.Debug|Any CPU.ActiveCfg = Debug|Any CPU
		{EA64B7E1-1E1E-4584-B6EE-9F0FB2ADD6D3}.Debug|Any CPU.Build.0 = Debug|Any CPU
		{EA64B7E1-1E1E-4584-B6EE-9F0FB2ADD6D3}.Debug|x64.ActiveCfg = Debug|Any CPU
		{EA64B7E1-1E1E-4584-B6EE-9F0FB2ADD6D3}.Debug|x64.Build.0 = Debug|Any CPU
		{EA64B7E1-1E1E-4584-B6EE-9F0FB2ADD6D3}.Debug|x86.ActiveCfg = Debug|Any CPU
		{EA64B7E1-1E1E-4584-B6EE-9F0FB2ADD6D3}.Debug|x86.Build.0 = Debug|Any CPU
		{EA64B7E1-1E1E-4584-B6EE-9F0FB2ADD6D3}.Release|Any CPU.ActiveCfg = Release|Any CPU
		{EA64B7E1-1E1E-4584-B6EE-9F0FB2ADD6D3}.Release|Any CPU.Build.0 = Release|Any CPU
		{EA64B7E1-1E1E-4584-B6EE-9F0FB2ADD6D3}.Release|x64.ActiveCfg = Release|Any CPU
		{EA64B7E1-1E1E-4584-B6EE-9F0FB2ADD6D3}.Release|x64.Build.0 = Release|Any CPU
		{EA64B7E1-1E1E-4584-B6EE-9F0FB2ADD6D3}.Release|x86.ActiveCfg = Release|Any CPU
		{EA64B7E1-1E1E-4584-B6EE-9F0FB2ADD6D3}.Release|x86.Build.0 = Release|Any CPU
		{B04EB0D6-8DD6-449E-A39F-F339467722A2}.Debug|Any CPU.ActiveCfg = Debug|Any CPU
		{B04EB0D6-8DD6-449E-A39F-F339467722A2}.Debug|Any CPU.Build.0 = Debug|Any CPU
		{B04EB0D6-8DD6-449E-A39F-F339467722A2}.Debug|x64.ActiveCfg = Debug|Any CPU
		{B04EB0D6-8DD6-449E-A39F-F339467722A2}.Debug|x64.Build.0 = Debug|Any CPU
		{B04EB0D6-8DD6-449E-A39F-F339467722A2}.Debug|x86.ActiveCfg = Debug|Any CPU
		{B04EB0D6-8DD6-449E-A39F-F339467722A2}.Debug|x86.Build.0 = Debug|Any CPU
		{B04EB0D6-8DD6-449E-A39F-F339467722A2}.Release|Any CPU.ActiveCfg = Release|Any CPU
		{B04EB0D6-8DD6-449E-A39F-F339467722A2}.Release|Any CPU.Build.0 = Release|Any CPU
		{B04EB0D6-8DD6-449E-A39F-F339467722A2}.Release|x64.ActiveCfg = Release|Any CPU
		{B04EB0D6-8DD6-449E-A39F-F339467722A2}.Release|x64.Build.0 = Release|Any CPU
		{B04EB0D6-8DD6-449E-A39F-F339467722A2}.Release|x86.ActiveCfg = Release|Any CPU
		{B04EB0D6-8DD6-449E-A39F-F339467722A2}.Release|x86.Build.0 = Release|Any CPU
		{F4BACEB8-636C-4E16-8EC2-EC49F16BC513}.Debug|Any CPU.ActiveCfg = Debug|Any CPU
		{F4BACEB8-636C-4E16-8EC2-EC49F16BC513}.Debug|Any CPU.Build.0 = Debug|Any CPU
		{F4BACEB8-636C-4E16-8EC2-EC49F16BC513}.Debug|x64.ActiveCfg = Debug|Any CPU
		{F4BACEB8-636C-4E16-8EC2-EC49F16BC513}.Debug|x64.Build.0 = Debug|Any CPU
		{F4BACEB8-636C-4E16-8EC2-EC49F16BC513}.Debug|x86.ActiveCfg = Debug|Any CPU
		{F4BACEB8-636C-4E16-8EC2-EC49F16BC513}.Debug|x86.Build.0 = Debug|Any CPU
		{F4BACEB8-636C-4E16-8EC2-EC49F16BC513}.Release|Any CPU.ActiveCfg = Release|Any CPU
		{F4BACEB8-636C-4E16-8EC2-EC49F16BC513}.Release|Any CPU.Build.0 = Release|Any CPU
		{F4BACEB8-636C-4E16-8EC2-EC49F16BC513}.Release|x64.ActiveCfg = Release|Any CPU
		{F4BACEB8-636C-4E16-8EC2-EC49F16BC513}.Release|x64.Build.0 = Release|Any CPU
		{F4BACEB8-636C-4E16-8EC2-EC49F16BC513}.Release|x86.ActiveCfg = Release|Any CPU
		{F4BACEB8-636C-4E16-8EC2-EC49F16BC513}.Release|x86.Build.0 = Release|Any CPU
	EndGlobalSection
	GlobalSection(SolutionProperties) = preSolution
		HideSolutionNode = FALSE
	EndGlobalSection
	GlobalSection(NestedProjects) = preSolution
		{BA11CD37-A7A0-4F90-B2CB-E740B20DFD35} = {5E95696F-4540-4F9B-98C1-647A1CE9D2D0}
		{537F6764-9FAE-45AF-8775-E47E15F84F64} = {5E95696F-4540-4F9B-98C1-647A1CE9D2D0}
		{0C1A230A-72FD-475B-99B0-920FABEAFD74} = {6E11005C-914F-4FE8-BB6C-F41D8BF2021F}
		{E5F6DE62-749C-4708-B837-4DF5D8806293} = {0C1A230A-72FD-475B-99B0-920FABEAFD74}
		{5825211E-A0F5-4393-A8E3-A13561C59270} = {0C1A230A-72FD-475B-99B0-920FABEAFD74}
		{EA64B7E1-1E1E-4584-B6EE-9F0FB2ADD6D3} = {BA11CD37-A7A0-4F90-B2CB-E740B20DFD35}
		{B04EB0D6-8DD6-449E-A39F-F339467722A2} = {537F6764-9FAE-45AF-8775-E47E15F84F64}
		{F4BACEB8-636C-4E16-8EC2-EC49F16BC513} = {38B787E2-FC03-41BA-98D4-A987A4CC9F78}
		{38B787E2-FC03-41BA-98D4-A987A4CC9F78} = {6E11005C-914F-4FE8-BB6C-F41D8BF2021F}
	EndGlobalSection
	GlobalSection(ExtensibilityGlobals) = postSolution
		SolutionGuid = {E8FFABDC-08A3-43C0-AA88-9222DAC74A14}
	EndGlobalSection
EndGlobal
